// !$*UTF8*$!
{
	archiveVersion = 1;
	classes = {
	};
	objectVersion = 46;
	objects = {

/* Begin PBXBuildFile section */
		5E890FEC1B8F3891001B91DB /* main.m in Sources */ = {isa = PBXBuildFile; fileRef = 5E890FEB1B8F3891001B91DB /* main.m */; };
		5E890FEF1B8F3891001B91DB /* AppDelegate.m in Sources */ = {isa = PBXBuildFile; fileRef = 5E890FEE1B8F3891001B91DB /* AppDelegate.m */; };
		5E890FF21B8F3891001B91DB /* ViewController.m in Sources */ = {isa = PBXBuildFile; fileRef = 5E890FF11B8F3891001B91DB /* ViewController.m */; };
		5E890FF51B8F3891001B91DB /* Main.storyboard in Resources */ = {isa = PBXBuildFile; fileRef = 5E890FF31B8F3891001B91DB /* Main.storyboard */; };
		5E890FF71B8F3891001B91DB /* Images.xcassets in Resources */ = {isa = PBXBuildFile; fileRef = 5E890FF61B8F3891001B91DB /* Images.xcassets */; };
		5E890FFA1B8F3891001B91DB /* LaunchScreen.xib in Resources */ = {isa = PBXBuildFile; fileRef = 5E890FF81B8F3891001B91DB /* LaunchScreen.xib */; };
		5E8910061B8F3891001B91DB /* SegChangeDataTests.m in Sources */ = {isa = PBXBuildFile; fileRef = 5E8910051B8F3891001B91DB /* SegChangeDataTests.m */; };
/* End PBXBuildFile section */

/* Begin PBXContainerItemProxy section */
		5E8910001B8F3891001B91DB /* PBXContainerItemProxy */ = {
			isa = PBXContainerItemProxy;
			containerPortal = 5E890FDE1B8F3891001B91DB /* Project object */;
			proxyType = 1;
			remoteGlobalIDString = 5E890FE51B8F3891001B91DB;
			remoteInfo = SegChangeData;
		};
/* End PBXContainerItemProxy section */

/* Begin PBXFileReference section */
		5E890FE61B8F3891001B91DB /* SegChangeData.app */ = {isa = PBXFileReference; explicitFileType = wrapper.application; includeInIndex = 0; path = SegChangeData.app; sourceTree = BUILT_PRODUCTS_DIR; };
		5E890FEA1B8F3891001B91DB /* Info.plist */ = {isa = PBXFileReference; lastKnownFileType = text.plist.xml; path = Info.plist; sourceTree = "<group>"; };
		5E890FEB1B8F3891001B91DB /* main.m */ = {isa = PBXFileReference; lastKnownFileType = sourcecode.c.objc; path = main.m; sourceTree = "<group>"; };
		5E890FED1B8F3891001B91DB /* AppDelegate.h */ = {isa = PBXFileReference; lastKnownFileType = sourcecode.c.h; path = AppDelegate.h; sourceTree = "<group>"; };
		5E890FEE1B8F3891001B91DB /* AppDelegate.m */ = {isa = PBXFileReference; lastKnownFileType = sourcecode.c.objc; path = AppDelegate.m; sourceTree = "<group>"; };
		5E890FF01B8F3891001B91DB /* ViewController.h */ = {isa = PBXFileReference; lastKnownFileType = sourcecode.c.h; path = ViewController.h; sourceTree = "<group>"; };
		5E890FF11B8F3891001B91DB /* ViewController.m */ = {isa = PBXFileReference; lastKnownFileType = sourcecode.c.objc; path = ViewController.m; sourceTree = "<group>"; };
		5E890FF41B8F3891001B91DB /* Base */ = {isa = PBXFileReference; lastKnownFileType = file.storyboard; name = Base; path = Base.lproj/Main.storyboard; sourceTree = "<group>"; };
		5E890FF61B8F3891001B91DB /* Images.xcassets */ = {isa = PBXFileReference; lastKnownFileType = folder.assetcatalog; path = Images.xcassets; sourceTree = "<group>"; };
		5E890FF91B8F3891001B91DB /* Base */ = {isa = PBXFileReference; lastKnownFileType = file.xib; name = Base; path = Base.lproj/LaunchScreen.xib; sourceTree = "<group>"; };
		5E890FFF1B8F3891001B91DB /* SegChangeDataTests.xctest */ = {isa = PBXFileReference; explicitFileType = wrapper.cfbundle; includeInIndex = 0; path = SegChangeDataTests.xctest; sourceTree = BUILT_PRODUCTS_DIR; };
		5E8910041B8F3891001B91DB /* Info.plist */ = {isa = PBXFileReference; lastKnownFileType = text.plist.xml; path = Info.plist; sourceTree = "<group>"; };
		5E8910051B8F3891001B91DB /* SegChangeDataTests.m */ = {isa = PBXFileReference; lastKnownFileType = sourcecode.c.objc; path = SegChangeDataTests.m; sourceTree = "<group>"; };
/* End PBXFileReference section */

/* Begin PBXFrameworksBuildPhase section */
		5E890FE31B8F3891001B91DB /* Frameworks */ = {
			isa = PBXFrameworksBuildPhase;
			buildActionMask = 2147483647;
			files = (
			);
			runOnlyForDeploymentPostprocessing = 0;
		};
		5E890FFC1B8F3891001B91DB /* Frameworks */ = {
			isa = PBXFrameworksBuildPhase;
			buildActionMask = 2147483647;
			files = (
			);
			runOnlyForDeploymentPostprocessing = 0;
		};
/* End PBXFrameworksBuildPhase section */

/* Begin PBXGroup section */
		5E890FDD1B8F3891001B91DB = {
			isa = PBXGroup;
			children = (
				5E890FE81B8F3891001B91DB /* SegChangeData */,
				5E8910021B8F3891001B91DB /* SegChangeDataTests */,
				5E890FE71B8F3891001B91DB /* Products */,
			);
			sourceTree = "<group>";
		};
		5E890FE71B8F3891001B91DB /* Products */ = {
			isa = PBXGroup;
			children = (
				5E890FE61B8F3891001B91DB /* SegChangeData.app */,
				5E890FFF1B8F3891001B91DB /* SegChangeDataTests.xctest */,
			);
			name = Products;
			sourceTree = "<group>";
		};
		5E890FE81B8F3891001B91DB /* SegChangeData */ = {
			isa = PBXGroup;
			children = (
				5E890FED1B8F3891001B91DB /* AppDelegate.h */,
				5E890FEE1B8F3891001B91DB /* AppDelegate.m */,
				5E890FF01B8F3891001B91DB /* ViewController.h */,
				5E890FF11B8F3891001B91DB /* ViewController.m */,
				5E890FF31B8F3891001B91DB /* Main.storyboard */,
				5E890FF61B8F3891001B91DB /* Images.xcassets */,
				5E890FF81B8F3891001B91DB /* LaunchScreen.xib */,
				5E890FE91B8F3891001B91DB /* Supporting Files */,
			);
			path = SegChangeData;
			sourceTree = "<group>";
		};
		5E890FE91B8F3891001B91DB /* Supporting Files */ = {
			isa = PBXGroup;
			children = (
				5E890FEA1B8F3891001B91DB /* Info.plist */,
				5E890FEB1B8F3891001B91DB /* main.m */,
			);
			name = "Supporting Files";
			sourceTree = "<group>";
		};
		5E8910021B8F3891001B91DB /* SegChangeDataTests */ = {
			isa = PBXGroup;
			children = (
				5E8910051B8F3891001B91DB /* SegChangeDataTests.m */,
				5E8910031B8F3891001B91DB /* Supporting Files */,
			);
			path = SegChangeDataTests;
			sourceTree = "<group>";
		};
		5E8910031B8F3891001B91DB /* Supporting Files */ = {
			isa = PBXGroup;
			children = (
				5E8910041B8F3891001B91DB /* Info.plist */,
			);
			name = "Supporting Files";
			sourceTree = "<group>";
		};
/* End PBXGroup section */

/* Begin PBXNativeTarget section */
		5E890FE51B8F3891001B91DB /* SegChangeData */ = {
			isa = PBXNativeTarget;
			buildConfigurationList = 5E8910091B8F3891001B91DB /* Build configuration list for PBXNativeTarget "SegChangeData" */;
			buildPhases = (
				5E890FE21B8F3891001B91DB /* Sources */,
				5E890FE31B8F3891001B91DB /* Frameworks */,
				5E890FE41B8F3891001B91DB /* Resources */,
			);
			buildRules = (
			);
			dependencies = (
			);
			name = SegChangeData;
			productName = SegChangeData;
			productReference = 5E890FE61B8F3891001B91DB /* SegChangeData.app */;
			productType = "com.apple.product-type.application";
		};
		5E890FFE1B8F3891001B91DB /* SegChangeDataTests */ = {
			isa = PBXNativeTarget;
			buildConfigurationList = 5E89100C1B8F3891001B91DB /* Build configuration list for PBXNativeTarget "SegChangeDataTests" */;
			buildPhases = (
				5E890FFB1B8F3891001B91DB /* Sources */,
				5E890FFC1B8F3891001B91DB /* Frameworks */,
				5E890FFD1B8F3891001B91DB /* Resources */,
			);
			buildRules = (
			);
			dependencies = (
				5E8910011B8F3891001B91DB /* PBXTargetDependency */,
			);
			name = SegChangeDataTests;
			productName = SegChangeDataTests;
			productReference = 5E890FFF1B8F3891001B91DB /* SegChangeDataTests.xctest */;
			productType = "com.apple.product-type.bundle.unit-test";
		};
/* End PBXNativeTarget section */

/* Begin PBXProject section */
		5E890FDE1B8F3891001B91DB /* Project object */ = {
			isa = PBXProject;
			attributes = {
				LastUpgradeCheck = 0630;
				ORGANIZATIONNAME = "Craig Liao";
				TargetAttributes = {
					5E890FE51B8F3891001B91DB = {
						CreatedOnToolsVersion = 6.3;
					};
					5E890FFE1B8F3891001B91DB = {
						CreatedOnToolsVersion = 6.3;
						TestTargetID = 5E890FE51B8F3891001B91DB;
					};
				};
			};
			buildConfigurationList = 5E890FE11B8F3891001B91DB /* Build configuration list for PBXProject "SegChangeData" */;
			compatibilityVersion = "Xcode 3.2";
			developmentRegion = English;
			hasScannedForEncodings = 0;
			knownRegions = (
				en,
				Base,
			);
			mainGroup = 5E890FDD1B8F3891001B91DB;
			productRefGroup = 5E890FE71B8F3891001B91DB /* Products */;
			projectDirPath = "";
			projectRoot = "";
			targets = (
				5E890FE51B8F3891001B91DB /* SegChangeData */,
				5E890FFE1B8F3891001B91DB /* SegChangeDataTests */,
			);
		};
/* End PBXProject section */

/* Begin PBXResourcesBuildPhase section */
		5E890FE41B8F3891001B91DB /* Resources */ = {
			isa = PBXResourcesBuildPhase;
			buildActionMask = 2147483647;
			files = (
				5E890FF51B8F3891001B91DB /* Main.storyboard in Resources */,
				5E890FFA1B8F3891001B91DB /* LaunchScreen.xib in Resources */,
				5E890FF71B8F3891001B91DB /* Images.xcassets in Resources */,
			);
			runOnlyForDeploymentPostprocessing = 0;
		};
		5E890FFD1B8F3891001B91DB /* Resources */ = {
			isa = PBXResourcesBuildPhase;
			buildActionMask = 2147483647;
			files = (
			);
			runOnlyForDeploymentPostprocessing = 0;
		};
/* End PBXResourcesBuildPhase section */

/* Begin PBXSourcesBuildPhase section */
		5E890FE21B8F3891001B91DB /* Sources */ = {
			isa = PBXSourcesBuildPhase;
			buildActionMask = 2147483647;
			files = (
				5E890FF21B8F3891001B91DB /* ViewController.m in Sources */,
				5E890FEF1B8F3891001B91DB /* AppDelegate.m in Sources */,
				5E890FEC1B8F3891001B91DB /* main.m in Sources */,
			);
			runOnlyForDeploymentPostprocessing = 0;
		};
		5E890FFB1B8F3891001B91DB /* Sources */ = {
			isa = PBXSourcesBuildPhase;
			buildActionMask = 2147483647;
			files = (
				5E8910061B8F3891001B91DB /* SegChangeDataTests.m in Sources */,
			);
			runOnlyForDeploymentPostprocessing = 0;
		};
/* End PBXSourcesBuildPhase section */

/* Begin PBXTargetDependency section */
		5E8910011B8F3891001B91DB /* PBXTargetDependency */ = {
			isa = PBXTargetDependency;
			target = 5E890FE51B8F3891001B91DB /* SegChangeData */;
			targetProxy = 5E8910001B8F3891001B91DB /* PBXContainerItemProxy */;
		};
/* End PBXTargetDependency section */

/* Begin PBXVariantGroup section */
		5E890FF31B8F3891001B91DB /* Main.storyboard */ = {
			isa = PBXVariantGroup;
			children = (
				5E890FF41B8F3891001B91DB /* Base */,
			);
			name = Main.storyboard;
			sourceTree = "<group>";
		};
		5E890FF81B8F3891001B91DB /* LaunchScreen.xib */ = {
			isa = PBXVariantGroup;
			children = (
				5E890FF91B8F3891001B91DB /* Base */,
			);
			name = LaunchScreen.xib;
			sourceTree = "<group>";
		};
/* End PBXVariantGroup section */

/* Begin XCBuildConfiguration section */
		5E8910071B8F3891001B91DB /* Debug */ = {
			isa = XCBuildConfiguration;
			buildSettings = {
				ALWAYS_SEARCH_USER_PATHS = NO;
				CLANG_CXX_LANGUAGE_STANDARD = "gnu++0x";
				CLANG_CXX_LIBRARY = "libc++";
				CLANG_ENABLE_MODULES = YES;
				CLANG_ENABLE_OBJC_ARC = YES;
				CLANG_WARN_BOOL_CONVERSION = YES;
				CLANG_WARN_CONSTANT_CONVERSION = YES;
				CLANG_WARN_DIRECT_OBJC_ISA_USAGE = YES_ERROR;
				CLANG_WARN_EMPTY_BODY = YES;
				CLANG_WARN_ENUM_CONVERSION = YES;
				CLANG_WARN_INT_CONVERSION = YES;
				CLANG_WARN_OBJC_ROOT_CLASS = YES_ERROR;
				CLANG_WARN_UNREACHABLE_CODE = YES;
				CLANG_WARN__DUPLICATE_METHOD_MATCH = YES;
				"CODE_SIGN_IDENTITY[sdk=iphoneos*]" = "iPhone Developer";
				COPY_PHASE_STRIP = NO;
				DEBUG_INFORMATION_FORMAT = "dwarf-with-dsym";
				ENABLE_STRICT_OBJC_MSGSEND = YES;
				GCC_C_LANGUAGE_STANDARD = gnu99;
				GCC_DYNAMIC_NO_PIC = NO;
				GCC_NO_COMMON_BLOCKS = YES;
				GCC_OPTIMIZATION_LEVEL = 0;
				GCC_PREPROCESSOR_DEFINITIONS = (
					"DEBUG=1",
					"$(inherited)",
				);
				GCC_SYMBOLS_PRIVATE_EXTERN = NO;
				GCC_WARN_64_TO_32_BIT_CONVERSION = YES;
				GCC_WARN_ABOUT_RETURN_TYPE = YES_ERROR;
				GCC_WARN_UNDECLARED_SELECTOR = YES;
				GCC_WARN_UNINITIALIZED_AUTOS = YES_AGGRESSIVE;
				GCC_WARN_UNUSED_FUNCTION = YES;
				GCC_WARN_UNUSED_VARIABLE = YES;
				IPHONEOS_DEPLOYMENT_TARGET = 8.3;
				MTL_ENABLE_DEBUG_INFO = YES;
				ONLY_ACTIVE_ARCH = YES;
				SDKROOT = iphoneos;
			};
			name = Debug;
		};
		5E8910081B8F3891001B91DB /* Release */ = {
			isa = XCBuildConfiguration;
			buildSettings = {
				ALWAYS_SEARCH_USER_PATHS = NO;
				CLANG_CXX_LANGUAGE_STANDARD = "gnu++0x";
				CLANG_CXX_LIBRARY = "libc++";
				CLANG_ENABLE_MODULES = YES;
				CLANG_ENABLE_OBJC_ARC = YES;
				CLANG_WARN_BOOL_CONVERSION = YES;
				CLANG_WARN_CONSTANT_CONVERSION = YES;
				CLANG_WARN_DIRECT_OBJC_ISA_USAGE = YES_ERROR;
				CLANG_WARN_EMPTY_BODY = YES;
				CLANG_WARN_ENUM_CONVERSION = YES;
				CLANG_WARN_INT_CONVERSION = YES;
				CLANG_WARN_OBJC_ROOT_CLASS = YES_ERROR;
				CLANG_WARN_UNREACHABLE_CODE = YES;
				CLANG_WARN__DUPLICATE_METHOD_MATCH = YES;
				"CODE_SIGN_IDENTITY[sdk=iphoneos*]" = "iPhone Developer";
				COPY_PHASE_STRIP = NO;
				DEBUG_INFORMATION_FORMAT = "dwarf-with-dsym";
				ENABLE_NS_ASSERTIONS = NO;
				ENABLE_STRICT_OBJC_MSGSEND = YES;
				GCC_C_LANGUAGE_STANDARD = gnu99;
				GCC_NO_COMMON_BLOCKS = YES;
				GCC_WARN_64_TO_32_BIT_CONVERSION = YES;
				GCC_WARN_ABOUT_RETURN_TYPE = YES_ERROR;
				GCC_WARN_UNDECLARED_SELECTOR = YES;
				GCC_WARN_UNINITIALIZED_AUTOS = YES_AGGRESSIVE;
				GCC_WARN_UNUSED_FUNCTION = YES;
				GCC_WARN_UNUSED_VARIABLE = YES;
				IPHONEOS_DEPLOYMENT_TARGET = 8.3;
				MTL_ENABLE_DEBUG_INFO = NO;
				SDKROOT = iphoneos;
				VALIDATE_PRODUCT = YES;
			};
			name = Release;
		};
		5E89100A1B8F3891001B91DB /* Debug */ = {
			isa = XCBuildConfiguration;
			buildSettings = {
				ASSETCATALOG_COMPILER_APPICON_NAME = AppIcon;
				INFOPLIST_FILE = SegChangeData/Info.plist;
				LD_RUNPATH_SEARCH_PATHS = "$(inherited) @executable_path/Frameworks";
				PRODUCT_NAME = "$(TARGET_NAME)";
			};
			name = Debug;
		};
		5E89100B1B8F3891001B91DB /* Release */ = {
			isa = XCBuildConfiguration;
			buildSettings = {
				ASSETCATALOG_COMPILER_APPICON_NAME = AppIcon;
				INFOPLIST_FILE = SegChangeData/Info.plist;
				LD_RUNPATH_SEARCH_PATHS = "$(inherited) @executable_path/Frameworks";
				PRODUCT_NAME = "$(TARGET_NAME)";
			};
			name = Release;
		};
		5E89100D1B8F3891001B91DB /* Debug */ = {
			isa = XCBuildConfiguration;
			buildSettings = {
				BUNDLE_LOADER = "$(TEST_HOST)";
				FRAMEWORK_SEARCH_PATHS = (
					"$(SDKROOT)/Developer/Library/Frameworks",
					"$(inherited)",
				);
				GCC_PREPROCESSOR_DEFINITIONS = (
					"DEBUG=1",
					"$(inherited)",
				);
				INFOPLIST_FILE = SegChangeDataTests/Info.plist;
				LD_RUNPATH_SEARCH_PATHS = "$(inherited) @executable_path/Frameworks @loader_path/Frameworks";
				PRODUCT_NAME = "$(TARGET_NAME)";
				TEST_HOST = "$(BUILT_PRODUCTS_DIR)/SegChangeData.app/SegChangeData";
			};
			name = Debug;
		};
		5E89100E1B8F3891001B91DB /* Release */ = {
			isa = XCBuildConfiguration;
			buildSettings = {
				BUNDLE_LOADER = "$(TEST_HOST)";
				FRAMEWORK_SEARCH_PATHS = (
					"$(SDKROOT)/Developer/Library/Frameworks",
					"$(inherited)",
				);
				INFOPLIST_FILE = SegChangeDataTests/Info.plist;
				LD_RUNPATH_SEARCH_PATHS = "$(inherited) @executable_path/Frameworks @loader_path/Frameworks";
				PRODUCT_NAME = "$(TARGET_NAME)";
				TEST_HOST = "$(BUILT_PRODUCTS_DIR)/SegChangeData.app/SegChangeData";
			};
			name = Release;
		};
/* End XCBuildConfiguration section */

/* Begin XCConfigurationList section */
		5E890FE11B8F3891001B91DB /* Build configuration list for PBXProject "SegChangeData" */ = {
			isa = XCConfigurationList;
			buildConfigurations = (
				5E8910071B8F3891001B91DB /* Debug */,
				5E8910081B8F3891001B91DB /* Release */,
			);
			defaultConfigurationIsVisible = 0;
			defaultConfigurationName = Release;
		};
		5E8910091B8F3891001B91DB /* Build configuration list for PBXNativeTarget "SegChangeData" */ = {
			isa = XCConfigurationList;
			buildConfigurations = (
				5E89100A1B8F3891001B91DB /* Debug */,
				5E89100B1B8F3891001B91DB /* Release */,
			);
			defaultConfigurationIsVisible = 0;
		};
		5E89100C1B8F3891001B91DB /* Build configuration list for PBXNativeTarget "SegChangeDataTests" */ = {
			isa = XCConfigurationList;
			buildConfigurations = (
				5E89100D1B8F3891001B91DB /* Debug */,
				5E89100E1B8F3891001B91DB /* Release */,
			);
			defaultConfigurationIsVisible = 0;
		};
/* End XCConfigurationList section */
	};
	rootObject = 5E890FDE1B8F3891001B91DB /* Project object */;
}
