// !$*UTF8*$!
{
	archiveVersion = 1;
	classes = {
	};
	objectVersion = 46;
	objects = {

/* Begin PBXBuildFile section */
		5E508EC71B5DD24C002D7662 /* main.m in Sources */ = {isa = PBXBuildFile; fileRef = 5E508EC61B5DD24C002D7662 /* main.m */; };
		5E508ECA1B5DD24C002D7662 /* AppDelegate.m in Sources */ = {isa = PBXBuildFile; fileRef = 5E508EC91B5DD24C002D7662 /* AppDelegate.m */; };
		5E508ECD1B5DD24C002D7662 /* ViewController.m in Sources */ = {isa = PBXBuildFile; fileRef = 5E508ECC1B5DD24C002D7662 /* ViewController.m */; };
		5E508ED01B5DD24C002D7662 /* Main.storyboard in Resources */ = {isa = PBXBuildFile; fileRef = 5E508ECE1B5DD24C002D7662 /* Main.storyboard */; };
		5E508ED21B5DD24C002D7662 /* Images.xcassets in Resources */ = {isa = PBXBuildFile; fileRef = 5E508ED11B5DD24C002D7662 /* Images.xcassets */; };
		5E508ED51B5DD24C002D7662 /* LaunchScreen.xib in Resources */ = {isa = PBXBuildFile; fileRef = 5E508ED31B5DD24C002D7662 /* LaunchScreen.xib */; };
		5E508EE11B5DD24C002D7662 /* AnimationTests.m in Sources */ = {isa = PBXBuildFile; fileRef = 5E508EE01B5DD24C002D7662 /* AnimationTests.m */; };
/* End PBXBuildFile section */

/* Begin PBXContainerItemProxy section */
		5E508EDB1B5DD24C002D7662 /* PBXContainerItemProxy */ = {
			isa = PBXContainerItemProxy;
			containerPortal = 5E508EB91B5DD24C002D7662 /* Project object */;
			proxyType = 1;
			remoteGlobalIDString = 5E508EC01B5DD24C002D7662;
			remoteInfo = Animation;
		};
/* End PBXContainerItemProxy section */

/* Begin PBXFileReference section */
		5E508EC11B5DD24C002D7662 /* Animation.app */ = {isa = PBXFileReference; explicitFileType = wrapper.application; includeInIndex = 0; path = Animation.app; sourceTree = BUILT_PRODUCTS_DIR; };
		5E508EC51B5DD24C002D7662 /* Info.plist */ = {isa = PBXFileReference; lastKnownFileType = text.plist.xml; path = Info.plist; sourceTree = "<group>"; };
		5E508EC61B5DD24C002D7662 /* main.m */ = {isa = PBXFileReference; lastKnownFileType = sourcecode.c.objc; path = main.m; sourceTree = "<group>"; };
		5E508EC81B5DD24C002D7662 /* AppDelegate.h */ = {isa = PBXFileReference; lastKnownFileType = sourcecode.c.h; path = AppDelegate.h; sourceTree = "<group>"; };
		5E508EC91B5DD24C002D7662 /* AppDelegate.m */ = {isa = PBXFileReference; lastKnownFileType = sourcecode.c.objc; path = AppDelegate.m; sourceTree = "<group>"; };
		5E508ECB1B5DD24C002D7662 /* ViewController.h */ = {isa = PBXFileReference; lastKnownFileType = sourcecode.c.h; path = ViewController.h; sourceTree = "<group>"; };
		5E508ECC1B5DD24C002D7662 /* ViewController.m */ = {isa = PBXFileReference; lastKnownFileType = sourcecode.c.objc; path = ViewController.m; sourceTree = "<group>"; };
		5E508ECF1B5DD24C002D7662 /* Base */ = {isa = PBXFileReference; lastKnownFileType = file.storyboard; name = Base; path = Base.lproj/Main.storyboard; sourceTree = "<group>"; };
		5E508ED11B5DD24C002D7662 /* Images.xcassets */ = {isa = PBXFileReference; lastKnownFileType = folder.assetcatalog; path = Images.xcassets; sourceTree = "<group>"; };
		5E508ED41B5DD24C002D7662 /* Base */ = {isa = PBXFileReference; lastKnownFileType = file.xib; name = Base; path = Base.lproj/LaunchScreen.xib; sourceTree = "<group>"; };
		5E508EDA1B5DD24C002D7662 /* AnimationTests.xctest */ = {isa = PBXFileReference; explicitFileType = wrapper.cfbundle; includeInIndex = 0; path = AnimationTests.xctest; sourceTree = BUILT_PRODUCTS_DIR; };
		5E508EDF1B5DD24C002D7662 /* Info.plist */ = {isa = PBXFileReference; lastKnownFileType = text.plist.xml; path = Info.plist; sourceTree = "<group>"; };
		5E508EE01B5DD24C002D7662 /* AnimationTests.m */ = {isa = PBXFileReference; lastKnownFileType = sourcecode.c.objc; path = AnimationTests.m; sourceTree = "<group>"; };
/* End PBXFileReference section */

/* Begin PBXFrameworksBuildPhase section */
		5E508EBE1B5DD24C002D7662 /* Frameworks */ = {
			isa = PBXFrameworksBuildPhase;
			buildActionMask = 2147483647;
			files = (
			);
			runOnlyForDeploymentPostprocessing = 0;
		};
		5E508ED71B5DD24C002D7662 /* Frameworks */ = {
			isa = PBXFrameworksBuildPhase;
			buildActionMask = 2147483647;
			files = (
			);
			runOnlyForDeploymentPostprocessing = 0;
		};
/* End PBXFrameworksBuildPhase section */

/* Begin PBXGroup section */
		5E508EB81B5DD24C002D7662 = {
			isa = PBXGroup;
			children = (
				5E508EC31B5DD24C002D7662 /* Animation */,
				5E508EDD1B5DD24C002D7662 /* AnimationTests */,
				5E508EC21B5DD24C002D7662 /* Products */,
			);
			sourceTree = "<group>";
		};
		5E508EC21B5DD24C002D7662 /* Products */ = {
			isa = PBXGroup;
			children = (
				5E508EC11B5DD24C002D7662 /* Animation.app */,
				5E508EDA1B5DD24C002D7662 /* AnimationTests.xctest */,
			);
			name = Products;
			sourceTree = "<group>";
		};
		5E508EC31B5DD24C002D7662 /* Animation */ = {
			isa = PBXGroup;
			children = (
				5E508EC81B5DD24C002D7662 /* AppDelegate.h */,
				5E508EC91B5DD24C002D7662 /* AppDelegate.m */,
				5E508ECB1B5DD24C002D7662 /* ViewController.h */,
				5E508ECC1B5DD24C002D7662 /* ViewController.m */,
				5E508ECE1B5DD24C002D7662 /* Main.storyboard */,
				5E508ED11B5DD24C002D7662 /* Images.xcassets */,
				5E508ED31B5DD24C002D7662 /* LaunchScreen.xib */,
				5E508EC41B5DD24C002D7662 /* Supporting Files */,
			);
			path = Animation;
			sourceTree = "<group>";
		};
		5E508EC41B5DD24C002D7662 /* Supporting Files */ = {
			isa = PBXGroup;
			children = (
				5E508EC51B5DD24C002D7662 /* Info.plist */,
				5E508EC61B5DD24C002D7662 /* main.m */,
			);
			name = "Supporting Files";
			sourceTree = "<group>";
		};
		5E508EDD1B5DD24C002D7662 /* AnimationTests */ = {
			isa = PBXGroup;
			children = (
				5E508EE01B5DD24C002D7662 /* AnimationTests.m */,
				5E508EDE1B5DD24C002D7662 /* Supporting Files */,
			);
			path = AnimationTests;
			sourceTree = "<group>";
		};
		5E508EDE1B5DD24C002D7662 /* Supporting Files */ = {
			isa = PBXGroup;
			children = (
				5E508EDF1B5DD24C002D7662 /* Info.plist */,
			);
			name = "Supporting Files";
			sourceTree = "<group>";
		};
/* End PBXGroup section */

/* Begin PBXNativeTarget section */
		5E508EC01B5DD24C002D7662 /* Animation */ = {
			isa = PBXNativeTarget;
			buildConfigurationList = 5E508EE41B5DD24C002D7662 /* Build configuration list for PBXNativeTarget "Animation" */;
			buildPhases = (
				5E508EBD1B5DD24C002D7662 /* Sources */,
				5E508EBE1B5DD24C002D7662 /* Frameworks */,
				5E508EBF1B5DD24C002D7662 /* Resources */,
			);
			buildRules = (
			);
			dependencies = (
			);
			name = Animation;
			productName = Animation;
			productReference = 5E508EC11B5DD24C002D7662 /* Animation.app */;
			productType = "com.apple.product-type.application";
		};
		5E508ED91B5DD24C002D7662 /* AnimationTests */ = {
			isa = PBXNativeTarget;
			buildConfigurationList = 5E508EE71B5DD24C002D7662 /* Build configuration list for PBXNativeTarget "AnimationTests" */;
			buildPhases = (
				5E508ED61B5DD24C002D7662 /* Sources */,
				5E508ED71B5DD24C002D7662 /* Frameworks */,
				5E508ED81B5DD24C002D7662 /* Resources */,
			);
			buildRules = (
			);
			dependencies = (
				5E508EDC1B5DD24C002D7662 /* PBXTargetDependency */,
			);
			name = AnimationTests;
			productName = AnimationTests;
			productReference = 5E508EDA1B5DD24C002D7662 /* AnimationTests.xctest */;
			productType = "com.apple.product-type.bundle.unit-test";
		};
/* End PBXNativeTarget section */

/* Begin PBXProject section */
		5E508EB91B5DD24C002D7662 /* Project object */ = {
			isa = PBXProject;
			attributes = {
				LastUpgradeCheck = 0630;
				ORGANIZATIONNAME = DobeFM;
				TargetAttributes = {
					5E508EC01B5DD24C002D7662 = {
						CreatedOnToolsVersion = 6.3;
					};
					5E508ED91B5DD24C002D7662 = {
						CreatedOnToolsVersion = 6.3;
						TestTargetID = 5E508EC01B5DD24C002D7662;
					};
				};
			};
			buildConfigurationList = 5E508EBC1B5DD24C002D7662 /* Build configuration list for PBXProject "Animation" */;
			compatibilityVersion = "Xcode 3.2";
			developmentRegion = English;
			hasScannedForEncodings = 0;
			knownRegions = (
				en,
				Base,
			);
			mainGroup = 5E508EB81B5DD24C002D7662;
			productRefGroup = 5E508EC21B5DD24C002D7662 /* Products */;
			projectDirPath = "";
			projectRoot = "";
			targets = (
				5E508EC01B5DD24C002D7662 /* Animation */,
				5E508ED91B5DD24C002D7662 /* AnimationTests */,
			);
		};
/* End PBXProject section */

/* Begin PBXResourcesBuildPhase section */
		5E508EBF1B5DD24C002D7662 /* Resources */ = {
			isa = PBXResourcesBuildPhase;
			buildActionMask = 2147483647;
			files = (
				5E508ED01B5DD24C002D7662 /* Main.storyboard in Resources */,
				5E508ED51B5DD24C002D7662 /* LaunchScreen.xib in Resources */,
				5E508ED21B5DD24C002D7662 /* Images.xcassets in Resources */,
			);
			runOnlyForDeploymentPostprocessing = 0;
		};
		5E508ED81B5DD24C002D7662 /* Resources */ = {
			isa = PBXResourcesBuildPhase;
			buildActionMask = 2147483647;
			files = (
			);
			runOnlyForDeploymentPostprocessing = 0;
		};
/* End PBXResourcesBuildPhase section */

/* Begin PBXSourcesBuildPhase section */
		5E508EBD1B5DD24C002D7662 /* Sources */ = {
			isa = PBXSourcesBuildPhase;
			buildActionMask = 2147483647;
			files = (
				5E508ECD1B5DD24C002D7662 /* ViewController.m in Sources */,
				5E508ECA1B5DD24C002D7662 /* AppDelegate.m in Sources */,
				5E508EC71B5DD24C002D7662 /* main.m in Sources */,
			);
			runOnlyForDeploymentPostprocessing = 0;
		};
		5E508ED61B5DD24C002D7662 /* Sources */ = {
			isa = PBXSourcesBuildPhase;
			buildActionMask = 2147483647;
			files = (
				5E508EE11B5DD24C002D7662 /* AnimationTests.m in Sources */,
			);
			runOnlyForDeploymentPostprocessing = 0;
		};
/* End PBXSourcesBuildPhase section */

/* Begin PBXTargetDependency section */
		5E508EDC1B5DD24C002D7662 /* PBXTargetDependency */ = {
			isa = PBXTargetDependency;
			target = 5E508EC01B5DD24C002D7662 /* Animation */;
			targetProxy = 5E508EDB1B5DD24C002D7662 /* PBXContainerItemProxy */;
		};
/* End PBXTargetDependency section */

/* Begin PBXVariantGroup section */
		5E508ECE1B5DD24C002D7662 /* Main.storyboard */ = {
			isa = PBXVariantGroup;
			children = (
				5E508ECF1B5DD24C002D7662 /* Base */,
			);
			name = Main.storyboard;
			sourceTree = "<group>";
		};
		5E508ED31B5DD24C002D7662 /* LaunchScreen.xib */ = {
			isa = PBXVariantGroup;
			children = (
				5E508ED41B5DD24C002D7662 /* Base */,
			);
			name = LaunchScreen.xib;
			sourceTree = "<group>";
		};
/* End PBXVariantGroup section */

/* Begin XCBuildConfiguration section */
		5E508EE21B5DD24C002D7662 /* Debug */ = {
			isa = XCBuildConfiguration;
			buildSettings = {
				ALWAYS_SEARCH_USER_PATHS = NO;
				CLANG_CXX_LANGUAGE_STANDARD = "gnu++0x";
				CLANG_CXX_LIBRARY = "libc++";
				CLANG_ENABLE_MODULES = YES;
				CLANG_ENABLE_OBJC_ARC = YES;
				CLANG_WARN_BOOL_CONVERSION = YES;
				CLANG_WARN_CONSTANT_CONVERSION = YES;
				CLANG_WARN_DIRECT_OBJC_ISA_USAGE = YES_ERROR;
				CLANG_WARN_EMPTY_BODY = YES;
				CLANG_WARN_ENUM_CONVERSION = YES;
				CLANG_WARN_INT_CONVERSION = YES;
				CLANG_WARN_OBJC_ROOT_CLASS = YES_ERROR;
				CLANG_WARN_UNREACHABLE_CODE = YES;
				CLANG_WARN__DUPLICATE_METHOD_MATCH = YES;
				"CODE_SIGN_IDENTITY[sdk=iphoneos*]" = "iPhone Developer";
				COPY_PHASE_STRIP = NO;
				DEBUG_INFORMATION_FORMAT = "dwarf-with-dsym";
				ENABLE_STRICT_OBJC_MSGSEND = YES;
				GCC_C_LANGUAGE_STANDARD = gnu99;
				GCC_DYNAMIC_NO_PIC = NO;
				GCC_NO_COMMON_BLOCKS = YES;
				GCC_OPTIMIZATION_LEVEL = 0;
				GCC_PREPROCESSOR_DEFINITIONS = (
					"DEBUG=1",
					"$(inherited)",
				);
				GCC_SYMBOLS_PRIVATE_EXTERN = NO;
				GCC_WARN_64_TO_32_BIT_CONVERSION = YES;
				GCC_WARN_ABOUT_RETURN_TYPE = YES_ERROR;
				GCC_WARN_UNDECLARED_SELECTOR = YES;
				GCC_WARN_UNINITIALIZED_AUTOS = YES_AGGRESSIVE;
				GCC_WARN_UNUSED_FUNCTION = YES;
				GCC_WARN_UNUSED_VARIABLE = YES;
				IPHONEOS_DEPLOYMENT_TARGET = 8.3;
				MTL_ENABLE_DEBUG_INFO = YES;
				ONLY_ACTIVE_ARCH = YES;
				SDKROOT = iphoneos;
			};
			name = Debug;
		};
		5E508EE31B5DD24C002D7662 /* Release */ = {
			isa = XCBuildConfiguration;
			buildSettings = {
				ALWAYS_SEARCH_USER_PATHS = NO;
				CLANG_CXX_LANGUAGE_STANDARD = "gnu++0x";
				CLANG_CXX_LIBRARY = "libc++";
				CLANG_ENABLE_MODULES = YES;
				CLANG_ENABLE_OBJC_ARC = YES;
				CLANG_WARN_BOOL_CONVERSION = YES;
				CLANG_WARN_CONSTANT_CONVERSION = YES;
				CLANG_WARN_DIRECT_OBJC_ISA_USAGE = YES_ERROR;
				CLANG_WARN_EMPTY_BODY = YES;
				CLANG_WARN_ENUM_CONVERSION = YES;
				CLANG_WARN_INT_CONVERSION = YES;
				CLANG_WARN_OBJC_ROOT_CLASS = YES_ERROR;
				CLANG_WARN_UNREACHABLE_CODE = YES;
				CLANG_WARN__DUPLICATE_METHOD_MATCH = YES;
				"CODE_SIGN_IDENTITY[sdk=iphoneos*]" = "iPhone Developer";
				COPY_PHASE_STRIP = NO;
				DEBUG_INFORMATION_FORMAT = "dwarf-with-dsym";
				ENABLE_NS_ASSERTIONS = NO;
				ENABLE_STRICT_OBJC_MSGSEND = YES;
				GCC_C_LANGUAGE_STANDARD = gnu99;
				GCC_NO_COMMON_BLOCKS = YES;
				GCC_WARN_64_TO_32_BIT_CONVERSION = YES;
				GCC_WARN_ABOUT_RETURN_TYPE = YES_ERROR;
				GCC_WARN_UNDECLARED_SELECTOR = YES;
				GCC_WARN_UNINITIALIZED_AUTOS = YES_AGGRESSIVE;
				GCC_WARN_UNUSED_FUNCTION = YES;
				GCC_WARN_UNUSED_VARIABLE = YES;
				IPHONEOS_DEPLOYMENT_TARGET = 8.3;
				MTL_ENABLE_DEBUG_INFO = NO;
				SDKROOT = iphoneos;
				VALIDATE_PRODUCT = YES;
			};
			name = Release;
		};
		5E508EE51B5DD24C002D7662 /* Debug */ = {
			isa = XCBuildConfiguration;
			buildSettings = {
				ASSETCATALOG_COMPILER_APPICON_NAME = AppIcon;
				INFOPLIST_FILE = Animation/Info.plist;
				LD_RUNPATH_SEARCH_PATHS = "$(inherited) @executable_path/Frameworks";
				PRODUCT_NAME = "$(TARGET_NAME)";
			};
			name = Debug;
		};
		5E508EE61B5DD24C002D7662 /* Release */ = {
			isa = XCBuildConfiguration;
			buildSettings = {
				ASSETCATALOG_COMPILER_APPICON_NAME = AppIcon;
				INFOPLIST_FILE = Animation/Info.plist;
				LD_RUNPATH_SEARCH_PATHS = "$(inherited) @executable_path/Frameworks";
				PRODUCT_NAME = "$(TARGET_NAME)";
			};
			name = Release;
		};
		5E508EE81B5DD24C002D7662 /* Debug */ = {
			isa = XCBuildConfiguration;
			buildSettings = {
				BUNDLE_LOADER = "$(TEST_HOST)";
				FRAMEWORK_SEARCH_PATHS = (
					"$(SDKROOT)/Developer/Library/Frameworks",
					"$(inherited)",
				);
				GCC_PREPROCESSOR_DEFINITIONS = (
					"DEBUG=1",
					"$(inherited)",
				);
				INFOPLIST_FILE = AnimationTests/Info.plist;
				LD_RUNPATH_SEARCH_PATHS = "$(inherited) @executable_path/Frameworks @loader_path/Frameworks";
				PRODUCT_NAME = "$(TARGET_NAME)";
				TEST_HOST = "$(BUILT_PRODUCTS_DIR)/Animation.app/Animation";
			};
			name = Debug;
		};
		5E508EE91B5DD24C002D7662 /* Release */ = {
			isa = XCBuildConfiguration;
			buildSettings = {
				BUNDLE_LOADER = "$(TEST_HOST)";
				FRAMEWORK_SEARCH_PATHS = (
					"$(SDKROOT)/Developer/Library/Frameworks",
					"$(inherited)",
				);
				INFOPLIST_FILE = AnimationTests/Info.plist;
				LD_RUNPATH_SEARCH_PATHS = "$(inherited) @executable_path/Frameworks @loader_path/Frameworks";
				PRODUCT_NAME = "$(TARGET_NAME)";
				TEST_HOST = "$(BUILT_PRODUCTS_DIR)/Animation.app/Animation";
			};
			name = Release;
		};
/* End XCBuildConfiguration section */

/* Begin XCConfigurationList section */
		5E508EBC1B5DD24C002D7662 /* Build configuration list for PBXProject "Animation" */ = {
			isa = XCConfigurationList;
			buildConfigurations = (
				5E508EE21B5DD24C002D7662 /* Debug */,
				5E508EE31B5DD24C002D7662 /* Release */,
			);
			defaultConfigurationIsVisible = 0;
			defaultConfigurationName = Release;
		};
		5E508EE41B5DD24C002D7662 /* Build configuration list for PBXNativeTarget "Animation" */ = {
			isa = XCConfigurationList;
			buildConfigurations = (
				5E508EE51B5DD24C002D7662 /* Debug */,
				5E508EE61B5DD24C002D7662 /* Release */,
			);
			defaultConfigurationIsVisible = 0;
		};
		5E508EE71B5DD24C002D7662 /* Build configuration list for PBXNativeTarget "AnimationTests" */ = {
			isa = XCConfigurationList;
			buildConfigurations = (
				5E508EE81B5DD24C002D7662 /* Debug */,
				5E508EE91B5DD24C002D7662 /* Release */,
			);
			defaultConfigurationIsVisible = 0;
		};
/* End XCConfigurationList section */
	};
	rootObject = 5E508EB91B5DD24C002D7662 /* Project object */;
}
